// !$*UTF8*$!
{
	archiveVersion = 1;
	classes = {
	};
	objectVersion = 53;
	objects = {

/* Begin PBXBuildFile section */
		FADC6FDB28E427BD009781F4 /* AppDelegate.m in Sources */ = {isa = PBXBuildFile; fileRef = FADC6FDA28E427BD009781F4 /* AppDelegate.m */; };
		FADC6FDE28E427BD009781F4 /* SceneDelegate.m in Sources */ = {isa = PBXBuildFile; fileRef = FADC6FDD28E427BD009781F4 /* SceneDelegate.m */; };
		FADC6FE128E427BD009781F4 /* PlayerSelectionViewController.m in Sources */ = {isa = PBXBuildFile; fileRef = FADC6FE028E427BD009781F4 /* PlayerSelectionViewController.m */; };
		FADC6FE428E427BD009781F4 /* Main.storyboard in Resources */ = {isa = PBXBuildFile; fileRef = FADC6FE228E427BD009781F4 /* Main.storyboard */; };
		FADC6FE628E427BD009781F4 /* Assets.xcassets in Resources */ = {isa = PBXBuildFile; fileRef = FADC6FE528E427BD009781F4 /* Assets.xcassets */; };
		FADC6FE928E427BD009781F4 /* LaunchScreen.storyboard in Resources */ = {isa = PBXBuildFile; fileRef = FADC6FE728E427BD009781F4 /* LaunchScreen.storyboard */; };
		FADC6FEC28E427BD009781F4 /* main.m in Sources */ = {isa = PBXBuildFile; fileRef = FADC6FEB28E427BD009781F4 /* main.m */; };
		FADC6FF428E4356F009781F4 /* Deck.m in Sources */ = {isa = PBXBuildFile; fileRef = FADC6FF328E4356F009781F4 /* Deck.m */; };
		FADC6FF728E43624009781F4 /* Card.m in Sources */ = {isa = PBXBuildFile; fileRef = FADC6FF628E43624009781F4 /* Card.m */; };
		FADC6FFB28E4412D009781F4 /* PlayingCard.m in Sources */ = {isa = PBXBuildFile; fileRef = FADC6FFA28E4412D009781F4 /* PlayingCard.m */; };
		FADC700228E466CF009781F4 /* PlayingCardDeck.m in Sources */ = {isa = PBXBuildFile; fileRef = FADC700128E466CF009781F4 /* PlayingCardDeck.m */; };
		FADC700928E46B1C009781F4 /* Contestant.m in Sources */ = {isa = PBXBuildFile; fileRef = FADC700828E46B1C009781F4 /* Contestant.m */; };
		FADC700C28E46B2A009781F4 /* Player.m in Sources */ = {isa = PBXBuildFile; fileRef = FADC700B28E46B2A009781F4 /* Player.m */; };
		FADC700F28E47D4F009781F4 /* BlackjackGame.m in Sources */ = {isa = PBXBuildFile; fileRef = FADC700E28E47D4F009781F4 /* BlackjackGame.m */; };
		FADC701228E57954009781F4 /* BlackjackViewController.m in Sources */ = {isa = PBXBuildFile; fileRef = FADC701128E57954009781F4 /* BlackjackViewController.m */; };
		FADC701828E58E33009781F4 /* NSMutableArray+Shuffling.m in Sources */ = {isa = PBXBuildFile; fileRef = FADC701728E58E33009781F4 /* NSMutableArray+Shuffling.m */; };
		FADC702328E59B7E009781F4 /* PlayerCellTableViewCell.m in Sources */ = {isa = PBXBuildFile; fileRef = FADC702228E59B7E009781F4 /* PlayerCellTableViewCell.m */; };
/* End PBXBuildFile section */

/* Begin PBXFileReference section */
		FADC6FD628E427BD009781F4 /* Blackjack.app */ = {isa = PBXFileReference; explicitFileType = wrapper.application; includeInIndex = 0; path = Blackjack.app; sourceTree = BUILT_PRODUCTS_DIR; };
		FADC6FD928E427BD009781F4 /* AppDelegate.h */ = {isa = PBXFileReference; lastKnownFileType = sourcecode.c.h; path = AppDelegate.h; sourceTree = "<group>"; };
		FADC6FDA28E427BD009781F4 /* AppDelegate.m */ = {isa = PBXFileReference; lastKnownFileType = sourcecode.c.objc; path = AppDelegate.m; sourceTree = "<group>"; };
		FADC6FDC28E427BD009781F4 /* SceneDelegate.h */ = {isa = PBXFileReference; lastKnownFileType = sourcecode.c.h; path = SceneDelegate.h; sourceTree = "<group>"; };
		FADC6FDD28E427BD009781F4 /* SceneDelegate.m */ = {isa = PBXFileReference; lastKnownFileType = sourcecode.c.objc; path = SceneDelegate.m; sourceTree = "<group>"; };
		FADC6FDF28E427BD009781F4 /* PlayerSelectionViewController.h */ = {isa = PBXFileReference; lastKnownFileType = sourcecode.c.h; path = PlayerSelectionViewController.h; sourceTree = "<group>"; };
		FADC6FE028E427BD009781F4 /* PlayerSelectionViewController.m */ = {isa = PBXFileReference; lastKnownFileType = sourcecode.c.objc; path = PlayerSelectionViewController.m; sourceTree = "<group>"; };
		FADC6FE328E427BD009781F4 /* Base */ = {isa = PBXFileReference; lastKnownFileType = file.storyboard; name = Base; path = Base.lproj/Main.storyboard; sourceTree = "<group>"; };
		FADC6FE528E427BD009781F4 /* Assets.xcassets */ = {isa = PBXFileReference; lastKnownFileType = folder.assetcatalog; path = Assets.xcassets; sourceTree = "<group>"; };
		FADC6FE828E427BD009781F4 /* Base */ = {isa = PBXFileReference; lastKnownFileType = file.storyboard; name = Base; path = Base.lproj/LaunchScreen.storyboard; sourceTree = "<group>"; };
		FADC6FEA28E427BD009781F4 /* Info.plist */ = {isa = PBXFileReference; lastKnownFileType = text.plist.xml; path = Info.plist; sourceTree = "<group>"; };
		FADC6FEB28E427BD009781F4 /* main.m */ = {isa = PBXFileReference; lastKnownFileType = sourcecode.c.objc; path = main.m; sourceTree = "<group>"; };
		FADC6FF328E4356F009781F4 /* Deck.m */ = {isa = PBXFileReference; lastKnownFileType = sourcecode.c.objc; path = Deck.m; sourceTree = "<group>"; };
		FADC6FF528E43585009781F4 /* Deck.h */ = {isa = PBXFileReference; lastKnownFileType = sourcecode.c.h; path = Deck.h; sourceTree = "<group>"; };
		FADC6FF628E43624009781F4 /* Card.m */ = {isa = PBXFileReference; lastKnownFileType = sourcecode.c.objc; path = Card.m; sourceTree = "<group>"; };
		FADC6FF828E4362B009781F4 /* Card.h */ = {isa = PBXFileReference; lastKnownFileType = sourcecode.c.h; path = Card.h; sourceTree = "<group>"; };
		FADC6FF928E44120009781F4 /* PlayingCard.h */ = {isa = PBXFileReference; lastKnownFileType = sourcecode.c.h; path = PlayingCard.h; sourceTree = "<group>"; };
		FADC6FFA28E4412D009781F4 /* PlayingCard.m */ = {isa = PBXFileReference; lastKnownFileType = sourcecode.c.objc; path = PlayingCard.m; sourceTree = "<group>"; };
		FADC700028E466CF009781F4 /* PlayingCardDeck.h */ = {isa = PBXFileReference; lastKnownFileType = sourcecode.c.h; path = PlayingCardDeck.h; sourceTree = "<group>"; };
		FADC700128E466CF009781F4 /* PlayingCardDeck.m */ = {isa = PBXFileReference; lastKnownFileType = sourcecode.c.objc; path = PlayingCardDeck.m; sourceTree = "<group>"; };
		FADC700728E46B1C009781F4 /* Contestant.h */ = {isa = PBXFileReference; lastKnownFileType = sourcecode.c.h; path = Contestant.h; sourceTree = "<group>"; };
		FADC700828E46B1C009781F4 /* Contestant.m */ = {isa = PBXFileReference; lastKnownFileType = sourcecode.c.objc; path = Contestant.m; sourceTree = "<group>"; };
		FADC700A28E46B2A009781F4 /* Player.h */ = {isa = PBXFileReference; lastKnownFileType = sourcecode.c.h; path = Player.h; sourceTree = "<group>"; };
		FADC700B28E46B2A009781F4 /* Player.m */ = {isa = PBXFileReference; lastKnownFileType = sourcecode.c.objc; path = Player.m; sourceTree = "<group>"; };
		FADC700D28E47D4F009781F4 /* BlackjackGame.h */ = {isa = PBXFileReference; lastKnownFileType = sourcecode.c.h; path = BlackjackGame.h; sourceTree = "<group>"; };
		FADC700E28E47D4F009781F4 /* BlackjackGame.m */ = {isa = PBXFileReference; lastKnownFileType = sourcecode.c.objc; path = BlackjackGame.m; sourceTree = "<group>"; };
		FADC701028E57954009781F4 /* BlackjackViewController.h */ = {isa = PBXFileReference; lastKnownFileType = sourcecode.c.h; path = BlackjackViewController.h; sourceTree = "<group>"; };
		FADC701128E57954009781F4 /* BlackjackViewController.m */ = {isa = PBXFileReference; lastKnownFileType = sourcecode.c.objc; path = BlackjackViewController.m; sourceTree = "<group>"; };
		FADC701628E58E33009781F4 /* NSMutableArray+Shuffling.h */ = {isa = PBXFileReference; lastKnownFileType = sourcecode.c.h; path = "NSMutableArray+Shuffling.h"; sourceTree = "<group>"; };
		FADC701728E58E33009781F4 /* NSMutableArray+Shuffling.m */ = {isa = PBXFileReference; lastKnownFileType = sourcecode.c.objc; path = "NSMutableArray+Shuffling.m"; sourceTree = "<group>"; };
		FADC702128E59B7E009781F4 /* PlayerCellTableViewCell.h */ = {isa = PBXFileReference; lastKnownFileType = sourcecode.c.h; path = PlayerCellTableViewCell.h; sourceTree = "<group>"; };
		FADC702228E59B7E009781F4 /* PlayerCellTableViewCell.m */ = {isa = PBXFileReference; lastKnownFileType = sourcecode.c.objc; path = PlayerCellTableViewCell.m; sourceTree = "<group>"; };
		FAEBB455290FC519005B882D /* GameProtocol.h */ = {isa = PBXFileReference; lastKnownFileType = sourcecode.c.h; path = GameProtocol.h; sourceTree = "<group>"; };
/* End PBXFileReference section */

/* Begin PBXFrameworksBuildPhase section */
		FADC6FD328E427BD009781F4 /* Frameworks */ = {
			isa = PBXFrameworksBuildPhase;
			buildActionMask = 2147483647;
			files = (
			);
			runOnlyForDeploymentPostprocessing = 0;
		};
/* End PBXFrameworksBuildPhase section */

/* Begin PBXGroup section */
		FADC6FCD28E427BD009781F4 = {
			isa = PBXGroup;
			children = (
				FADC6FD828E427BD009781F4 /* Blackjack */,
				FADC6FD728E427BD009781F4 /* Products */,
			);
			sourceTree = "<group>";
		};
		FADC6FD728E427BD009781F4 /* Products */ = {
			isa = PBXGroup;
			children = (
				FADC6FD628E427BD009781F4 /* Blackjack.app */,
			);
			name = Products;
			sourceTree = "<group>";
		};
		FADC6FD828E427BD009781F4 /* Blackjack */ = {
			isa = PBXGroup;
			children = (
				FAEBB454290FC4FB005B882D /* Protocols */,
				FAF60A7128FEA61400CD2E63 /* View Controllers */,
				FADC701928E596CD009781F4 /* Cell */,
				FADC700528E468DE009781F4 /* Other */,
				FADC700428E468D5009781F4 /* Game */,
				FADC6FF228E4354B009781F4 /* Model */,
				FADC6FE228E427BD009781F4 /* Main.storyboard */,
				FADC6FE528E427BD009781F4 /* Assets.xcassets */,
				FADC6FE728E427BD009781F4 /* LaunchScreen.storyboard */,
				FADC6FEA28E427BD009781F4 /* Info.plist */,
				FADC6FEB28E427BD009781F4 /* main.m */,
			);
			path = Blackjack;
			sourceTree = "<group>";
		};
		FADC6FF228E4354B009781F4 /* Model */ = {
			isa = PBXGroup;
			children = (
				FADC700628E46B07009781F4 /* Contestant */,
				FADC6FFF28E466BE009781F4 /* Deck */,
				FADC700328E468CA009781F4 /* Card */,
			);
			path = Model;
			sourceTree = "<group>";
		};
		FADC6FFF28E466BE009781F4 /* Deck */ = {
			isa = PBXGroup;
			children = (
				FADC6FF528E43585009781F4 /* Deck.h */,
				FADC6FF328E4356F009781F4 /* Deck.m */,
				FADC700028E466CF009781F4 /* PlayingCardDeck.h */,
				FADC700128E466CF009781F4 /* PlayingCardDeck.m */,
			);
			path = Deck;
			sourceTree = "<group>";
		};
		FADC700328E468CA009781F4 /* Card */ = {
			isa = PBXGroup;
			children = (
				FADC6FF828E4362B009781F4 /* Card.h */,
				FADC6FF628E43624009781F4 /* Card.m */,
				FADC6FF928E44120009781F4 /* PlayingCard.h */,
				FADC6FFA28E4412D009781F4 /* PlayingCard.m */,
			);
			path = Card;
			sourceTree = "<group>";
		};
		FADC700428E468D5009781F4 /* Game */ = {
			isa = PBXGroup;
			children = (
				FADC700D28E47D4F009781F4 /* BlackjackGame.h */,
				FADC700E28E47D4F009781F4 /* BlackjackGame.m */,
			);
			path = Game;
			sourceTree = "<group>";
		};
		FADC700528E468DE009781F4 /* Other */ = {
			isa = PBXGroup;
			children = (
				FADC6FD928E427BD009781F4 /* AppDelegate.h */,
				FADC6FDA28E427BD009781F4 /* AppDelegate.m */,
				FADC6FDC28E427BD009781F4 /* SceneDelegate.h */,
				FADC6FDD28E427BD009781F4 /* SceneDelegate.m */,
				FADC701628E58E33009781F4 /* NSMutableArray+Shuffling.h */,
				FADC701728E58E33009781F4 /* NSMutableArray+Shuffling.m */,
			);
			path = Other;
			sourceTree = "<group>";
		};
		FADC700628E46B07009781F4 /* Contestant */ = {
			isa = PBXGroup;
			children = (
				FADC700728E46B1C009781F4 /* Contestant.h */,
				FADC700828E46B1C009781F4 /* Contestant.m */,
				FADC700A28E46B2A009781F4 /* Player.h */,
				FADC700B28E46B2A009781F4 /* Player.m */,
			);
			path = Contestant;
			sourceTree = "<group>";
		};
		FADC701928E596CD009781F4 /* Cell */ = {
			isa = PBXGroup;
			children = (
				FADC702128E59B7E009781F4 /* PlayerCellTableViewCell.h */,
				FADC702228E59B7E009781F4 /* PlayerCellTableViewCell.m */,
			);
			path = Cell;
			sourceTree = "<group>";
		};
		FADC702428E5A2FB009781F4 /* Player Selection */ = {
			isa = PBXGroup;
			children = (
				FADC6FDF28E427BD009781F4 /* PlayerSelectionViewController.h */,
				FADC6FE028E427BD009781F4 /* PlayerSelectionViewController.m */,
			);
			path = "Player Selection";
			sourceTree = "<group>";
		};
		FAEBB454290FC4FB005B882D /* Protocols */ = {
			isa = PBXGroup;
			children = (
				FAEBB455290FC519005B882D /* GameProtocol.h */,
			);
			path = Protocols;
			sourceTree = "<group>";
		};
		FAF60A7128FEA61400CD2E63 /* View Controllers */ = {
			isa = PBXGroup;
			children = (
				FAF60A7228FEA61E00CD2E63 /* Blackjack */,
				FADC702428E5A2FB009781F4 /* Player Selection */,
			);
			path = "View Controllers";
			sourceTree = "<group>";
		};
		FAF60A7228FEA61E00CD2E63 /* Blackjack */ = {
			isa = PBXGroup;
			children = (
				FADC701028E57954009781F4 /* BlackjackViewController.h */,
				FADC701128E57954009781F4 /* BlackjackViewController.m */,
			);
			path = Blackjack;
			sourceTree = "<group>";
		};
/* End PBXGroup section */

/* Begin PBXNativeTarget section */
		FADC6FD528E427BD009781F4 /* Blackjack */ = {
			isa = PBXNativeTarget;
			buildConfigurationList = FADC6FEF28E427BD009781F4 /* Build configuration list for PBXNativeTarget "Blackjack" */;
			buildPhases = (
				FADC6FD228E427BD009781F4 /* Sources */,
				FADC6FD328E427BD009781F4 /* Frameworks */,
				FADC6FD428E427BD009781F4 /* Resources */,
			);
			buildRules = (
			);
			dependencies = (
			);
			name = Blackjack;
			productName = Blackjack;
			productReference = FADC6FD628E427BD009781F4 /* Blackjack.app */;
			productType = "com.apple.product-type.application";
		};
/* End PBXNativeTarget section */

/* Begin PBXProject section */
		FADC6FCE28E427BD009781F4 /* Project object */ = {
			isa = PBXProject;
			attributes = {
				BuildIndependentTargetsInParallel = 1;
				LastUpgradeCheck = 1340;
				TargetAttributes = {
					FADC6FD528E427BD009781F4 = {
						CreatedOnToolsVersion = 13.4.1;
					};
				};
			};
			buildConfigurationList = FADC6FD128E427BD009781F4 /* Build configuration list for PBXProject "Blackjack" */;
			compatibilityVersion = "Xcode 11.4";
			developmentRegion = en;
			hasScannedForEncodings = 0;
			knownRegions = (
				en,
				Base,
			);
			mainGroup = FADC6FCD28E427BD009781F4;
			productRefGroup = FADC6FD728E427BD009781F4 /* Products */;
			projectDirPath = "";
			projectRoot = "";
			targets = (
				FADC6FD528E427BD009781F4 /* Blackjack */,
			);
		};
/* End PBXProject section */

/* Begin PBXResourcesBuildPhase section */
		FADC6FD428E427BD009781F4 /* Resources */ = {
			isa = PBXResourcesBuildPhase;
			buildActionMask = 2147483647;
			files = (
				FADC6FE928E427BD009781F4 /* LaunchScreen.storyboard in Resources */,
				FADC6FE628E427BD009781F4 /* Assets.xcassets in Resources */,
				FADC6FE428E427BD009781F4 /* Main.storyboard in Resources */,
			);
			runOnlyForDeploymentPostprocessing = 0;
		};
/* End PBXResourcesBuildPhase section */

/* Begin PBXSourcesBuildPhase section */
		FADC6FD228E427BD009781F4 /* Sources */ = {
			isa = PBXSourcesBuildPhase;
			buildActionMask = 2147483647;
			files = (
				FADC6FF428E4356F009781F4 /* Deck.m in Sources */,
				FADC701228E57954009781F4 /* BlackjackViewController.m in Sources */,
				FADC700228E466CF009781F4 /* PlayingCardDeck.m in Sources */,
				FADC6FE128E427BD009781F4 /* PlayerSelectionViewController.m in Sources */,
				FADC6FFB28E4412D009781F4 /* PlayingCard.m in Sources */,
				FADC700C28E46B2A009781F4 /* Player.m in Sources */,
				FADC700F28E47D4F009781F4 /* BlackjackGame.m in Sources */,
				FADC701828E58E33009781F4 /* NSMutableArray+Shuffling.m in Sources */,
				FADC700928E46B1C009781F4 /* Contestant.m in Sources */,
				FADC6FDB28E427BD009781F4 /* AppDelegate.m in Sources */,
				FADC6FEC28E427BD009781F4 /* main.m in Sources */,
				FADC6FDE28E427BD009781F4 /* SceneDelegate.m in Sources */,
				FADC6FF728E43624009781F4 /* Card.m in Sources */,
				FADC702328E59B7E009781F4 /* PlayerCellTableViewCell.m in Sources */,
			);
			runOnlyForDeploymentPostprocessing = 0;
		};
/* End PBXSourcesBuildPhase section */

/* Begin PBXVariantGroup section */
		FADC6FE228E427BD009781F4 /* Main.storyboard */ = {
			isa = PBXVariantGroup;
			children = (
				FADC6FE328E427BD009781F4 /* Base */,
			);
			name = Main.storyboard;
			sourceTree = "<group>";
		};
		FADC6FE728E427BD009781F4 /* LaunchScreen.storyboard */ = {
			isa = PBXVariantGroup;
			children = (
				FADC6FE828E427BD009781F4 /* Base */,
			);
			name = LaunchScreen.storyboard;
			sourceTree = "<group>";
		};
/* End PBXVariantGroup section */

/* Begin XCBuildConfiguration section */
		FADC6FED28E427BD009781F4 /* Debug */ = {
			isa = XCBuildConfiguration;
			buildSettings = {
				ALWAYS_SEARCH_USER_PATHS = NO;
				CLANG_ANALYZER_NONNULL = YES;
				CLANG_ANALYZER_NUMBER_OBJECT_CONVERSION = YES_AGGRESSIVE;
				CLANG_CXX_LANGUAGE_STANDARD = "gnu++17";
				CLANG_ENABLE_MODULES = YES;
				CLANG_ENABLE_OBJC_ARC = YES;
				CLANG_ENABLE_OBJC_WEAK = YES;
				CLANG_WARN_BLOCK_CAPTURE_AUTORELEASING = YES;
				CLANG_WARN_BOOL_CONVERSION = YES;
				CLANG_WARN_COMMA = YES;
				CLANG_WARN_CONSTANT_CONVERSION = YES;
				CLANG_WARN_DEPRECATED_OBJC_IMPLEMENTATIONS = YES;
				CLANG_WARN_DIRECT_OBJC_ISA_USAGE = YES_ERROR;
				CLANG_WARN_DOCUMENTATION_COMMENTS = YES;
				CLANG_WARN_EMPTY_BODY = YES;
				CLANG_WARN_ENUM_CONVERSION = YES;
				CLANG_WARN_INFINITE_RECURSION = YES;
				CLANG_WARN_INT_CONVERSION = YES;
				CLANG_WARN_NON_LITERAL_NULL_CONVERSION = YES;
				CLANG_WARN_OBJC_IMPLICIT_RETAIN_SELF = YES;
				CLANG_WARN_OBJC_LITERAL_CONVERSION = YES;
				CLANG_WARN_OBJC_ROOT_CLASS = YES_ERROR;
				CLANG_WARN_QUOTED_INCLUDE_IN_FRAMEWORK_HEADER = YES;
				CLANG_WARN_RANGE_LOOP_ANALYSIS = YES;
				CLANG_WARN_STRICT_PROTOTYPES = YES;
				CLANG_WARN_SUSPICIOUS_MOVE = YES;
				CLANG_WARN_UNGUARDED_AVAILABILITY = YES_AGGRESSIVE;
				CLANG_WARN_UNREACHABLE_CODE = YES;
				CLANG_WARN__DUPLICATE_METHOD_MATCH = YES;
				COPY_PHASE_STRIP = NO;
				DEBUG_INFORMATION_FORMAT = dwarf;
				ENABLE_STRICT_OBJC_MSGSEND = YES;
				ENABLE_TESTABILITY = YES;
				GCC_C_LANGUAGE_STANDARD = gnu11;
				GCC_DYNAMIC_NO_PIC = NO;
				GCC_NO_COMMON_BLOCKS = YES;
				GCC_OPTIMIZATION_LEVEL = 0;
				GCC_PREPROCESSOR_DEFINITIONS = (
					"DEBUG=1",
					"$(inherited)",
				);
				GCC_WARN_64_TO_32_BIT_CONVERSION = YES;
				GCC_WARN_ABOUT_RETURN_TYPE = YES_ERROR;
				GCC_WARN_UNDECLARED_SELECTOR = YES;
				GCC_WARN_UNINITIALIZED_AUTOS = YES_AGGRESSIVE;
				GCC_WARN_UNUSED_FUNCTION = YES;
				GCC_WARN_UNUSED_VARIABLE = YES;
				IPHONEOS_DEPLOYMENT_TARGET = 14.0;
				MTL_ENABLE_DEBUG_INFO = INCLUDE_SOURCE;
				MTL_FAST_MATH = YES;
				ONLY_ACTIVE_ARCH = YES;
				SDKROOT = iphoneos;
			};
			name = Debug;
		};
		FADC6FEE28E427BD009781F4 /* Release */ = {
			isa = XCBuildConfiguration;
			buildSettings = {
				ALWAYS_SEARCH_USER_PATHS = NO;
				CLANG_ANALYZER_NONNULL = YES;
				CLANG_ANALYZER_NUMBER_OBJECT_CONVERSION = YES_AGGRESSIVE;
				CLANG_CXX_LANGUAGE_STANDARD = "gnu++17";
				CLANG_ENABLE_MODULES = YES;
				CLANG_ENABLE_OBJC_ARC = YES;
				CLANG_ENABLE_OBJC_WEAK = YES;
				CLANG_WARN_BLOCK_CAPTURE_AUTORELEASING = YES;
				CLANG_WARN_BOOL_CONVERSION = YES;
				CLANG_WARN_COMMA = YES;
				CLANG_WARN_CONSTANT_CONVERSION = YES;
				CLANG_WARN_DEPRECATED_OBJC_IMPLEMENTATIONS = YES;
				CLANG_WARN_DIRECT_OBJC_ISA_USAGE = YES_ERROR;
				CLANG_WARN_DOCUMENTATION_COMMENTS = YES;
				CLANG_WARN_EMPTY_BODY = YES;
				CLANG_WARN_ENUM_CONVERSION = YES;
				CLANG_WARN_INFINITE_RECURSION = YES;
				CLANG_WARN_INT_CONVERSION = YES;
				CLANG_WARN_NON_LITERAL_NULL_CONVERSION = YES;
				CLANG_WARN_OBJC_IMPLICIT_RETAIN_SELF = YES;
				CLANG_WARN_OBJC_LITERAL_CONVERSION = YES;
				CLANG_WARN_OBJC_ROOT_CLASS = YES_ERROR;
				CLANG_WARN_QUOTED_INCLUDE_IN_FRAMEWORK_HEADER = YES;
				CLANG_WARN_RANGE_LOOP_ANALYSIS = YES;
				CLANG_WARN_STRICT_PROTOTYPES = YES;
				CLANG_WARN_SUSPICIOUS_MOVE = YES;
				CLANG_WARN_UNGUARDED_AVAILABILITY = YES_AGGRESSIVE;
				CLANG_WARN_UNREACHABLE_CODE = YES;
				CLANG_WARN__DUPLICATE_METHOD_MATCH = YES;
				COPY_PHASE_STRIP = NO;
				DEBUG_INFORMATION_FORMAT = "dwarf-with-dsym";
				ENABLE_NS_ASSERTIONS = NO;
				ENABLE_STRICT_OBJC_MSGSEND = YES;
				GCC_C_LANGUAGE_STANDARD = gnu11;
				GCC_NO_COMMON_BLOCKS = YES;
				GCC_WARN_64_TO_32_BIT_CONVERSION = YES;
				GCC_WARN_ABOUT_RETURN_TYPE = YES_ERROR;
				GCC_WARN_UNDECLARED_SELECTOR = YES;
				GCC_WARN_UNINITIALIZED_AUTOS = YES_AGGRESSIVE;
				GCC_WARN_UNUSED_FUNCTION = YES;
				GCC_WARN_UNUSED_VARIABLE = YES;
				IPHONEOS_DEPLOYMENT_TARGET = 14.0;
				MTL_ENABLE_DEBUG_INFO = NO;
				MTL_FAST_MATH = YES;
				SDKROOT = iphoneos;
				VALIDATE_PRODUCT = YES;
			};
			name = Release;
		};
		FADC6FF028E427BD009781F4 /* Debug */ = {
			isa = XCBuildConfiguration;
			buildSettings = {
				ASSETCATALOG_COMPILER_APPICON_NAME = AppIcon;
				ASSETCATALOG_COMPILER_GLOBAL_ACCENT_COLOR_NAME = AccentColor;
				CODE_SIGN_STYLE = Automatic;
				CURRENT_PROJECT_VERSION = 1;
				GENERATE_INFOPLIST_FILE = YES;
				INFOPLIST_FILE = Blackjack/Info.plist;
				INFOPLIST_KEY_UIApplicationSupportsIndirectInputEvents = YES;
				INFOPLIST_KEY_UILaunchStoryboardName = LaunchScreen;
				INFOPLIST_KEY_UIMainStoryboardFile = Main;
				INFOPLIST_KEY_UISupportedInterfaceOrientations_iPad = "UIInterfaceOrientationPortrait UIInterfaceOrientationPortraitUpsideDown UIInterfaceOrientationLandscapeLeft UIInterfaceOrientationLandscapeRight";
				INFOPLIST_KEY_UISupportedInterfaceOrientations_iPhone = "UIInterfaceOrientationPortrait UIInterfaceOrientationLandscapeLeft UIInterfaceOrientationLandscapeRight";
				IPHONEOS_DEPLOYMENT_TARGET = 14.0;
				LD_RUNPATH_SEARCH_PATHS = (
					"$(inherited)",
					"@executable_path/Frameworks",
				);
				MARKETING_VERSION = 1.0;
				PRODUCT_BUNDLE_IDENTIFIER = kayhut.alex.Blackjack;
				PRODUCT_NAME = "$(TARGET_NAME)";
				SWIFT_EMIT_LOC_STRINGS = YES;
				TARGETED_DEVICE_FAMILY = 1;
			};
			name = Debug;
		};
		FADC6FF128E427BD009781F4 /* Release */ = {
			isa = XCBuildConfiguration;
			buildSettings = {
				ASSETCATALOG_COMPILER_APPICON_NAME = AppIcon;
				ASSETCATALOG_COMPILER_GLOBAL_ACCENT_COLOR_NAME = AccentColor;
				CODE_SIGN_STYLE = Automatic;
				CURRENT_PROJECT_VERSION = 1;
				GENERATE_INFOPLIST_FILE = YES;
				INFOPLIST_FILE = Blackjack/Info.plist;
				INFOPLIST_KEY_UIApplicationSupportsIndirectInputEvents = YES;
				INFOPLIST_KEY_UILaunchStoryboardName = LaunchScreen;
				INFOPLIST_KEY_UIMainStoryboardFile = Main;
				INFOPLIST_KEY_UISupportedInterfaceOrientations_iPad = "UIInterfaceOrientationPortrait UIInterfaceOrientationPortraitUpsideDown UIInterfaceOrientationLandscapeLeft UIInterfaceOrientationLandscapeRight";
				INFOPLIST_KEY_UISupportedInterfaceOrientations_iPhone = "UIInterfaceOrientationPortrait UIInterfaceOrientationLandscapeLeft UIInterfaceOrientationLandscapeRight";
				IPHONEOS_DEPLOYMENT_TARGET = 14.0;
				LD_RUNPATH_SEARCH_PATHS = (
					"$(inherited)",
					"@executable_path/Frameworks",
				);
				MARKETING_VERSION = 1.0;
				PRODUCT_BUNDLE_IDENTIFIER = kayhut.alex.Blackjack;
				PRODUCT_NAME = "$(TARGET_NAME)";
				SWIFT_EMIT_LOC_STRINGS = YES;
				TARGETED_DEVICE_FAMILY = 1;
			};
			name = Release;
		};
/* End XCBuildConfiguration section */

/* Begin XCConfigurationList section */
		FADC6FD128E427BD009781F4 /* Build configuration list for PBXProject "Blackjack" */ = {
			isa = XCConfigurationList;
			buildConfigurations = (
				FADC6FED28E427BD009781F4 /* Debug */,
				FADC6FEE28E427BD009781F4 /* Release */,
			);
			defaultConfigurationIsVisible = 0;
			defaultConfigurationName = Release;
		};
		FADC6FEF28E427BD009781F4 /* Build configuration list for PBXNativeTarget "Blackjack" */ = {
			isa = XCConfigurationList;
			buildConfigurations = (
				FADC6FF028E427BD009781F4 /* Debug */,
				FADC6FF128E427BD009781F4 /* Release */,
			);
			defaultConfigurationIsVisible = 0;
			defaultConfigurationName = Release;
		};
/* End XCConfigurationList section */
	};
	rootObject = FADC6FCE28E427BD009781F4 /* Project object */;
}
